
Microsoft Visual Studio Solution File, Format Version 12.00
# Visual Studio 2012
Project("{FAE04EC0-301F-11D3-BF4B-00C04F79EFBC}") = "Aspose Diagram", "Aspose Diagram\Aspose Diagram.csproj", "{E888D613-19E6-4DE1-B10F-00D2310826BD}"
EndProject
Project("{FAE04EC0-301F-11D3-BF4B-00C04F79EFBC}") = "VSTO Diagram", "VSTO Diagram\VSTO Diagram.csproj", "{2FFFEFA5-6B94-4394-B341-5C30E9062C71}"
EndProject
Global
	GlobalSection(SolutionConfigurationPlatforms) = preSolution
		Debug|Any CPU = Debug|Any CPU
		Release|Any CPU = Release|Any CPU
	EndGlobalSection
	GlobalSection(ProjectConfigurationPlatforms) = postSolution
		{E888D613-19E6-4DE1-B10F-00D2310826BD}.Debug|Any CPU.ActiveCfg = Debug|Any CPU
		{E888D613-19E6-4DE1-B10F-00D2310826BD}.Debug|Any CPU.Build.0 = Debug|Any CPU
		{E888D613-19E6-4DE1-B10F-00D2310826BD}.Release|Any CPU.ActiveCfg = Release|Any CPU
		{E888D613-19E6-4DE1-B10F-00D2310826BD}.Release|Any CPU.Build.0 = Release|Any CPU
		{2FFFEFA5-6B94-4394-B341-5C30E9062C71}.Debug|Any CPU.ActiveCfg = Debug|Any CPU
		{2FFFEFA5-6B94-4394-B341-5C30E9062C71}.Debug|Any CPU.Build.0 = Debug|Any CPU
		{2FFFEFA5-6B94-4394-B341-5C30E9062C71}.Release|Any CPU.ActiveCfg = Release|Any CPU
		{2FFFEFA5-6B94-4394-B341-5C30E9062C71}.Release|Any CPU.Build.0 = Release|Any CPU
	EndGlobalSection
	GlobalSection(SolutionProperties) = preSolution
		HideSolutionNode = FALSE
	EndGlobalSection
EndGlobal
