
Microsoft Visual Studio Solution File, Format Version 12.00
# Visual Studio 2013
VisualStudioVersion = 12.0.21005.1
MinimumVisualStudioVersion = 10.0.40219.1
Project("{2150E333-8FDC-42A3-9474-1A3956D46DE8}") = "Add Borders to Cells in a Worksheet", "Add Borders to Cells in a Worksheet", "{A1D48268-1975-4C84-A3E9-3C772419EB6C}"
EndProject
Project("{2150E333-8FDC-42A3-9474-1A3956D46DE8}") = "Add Hyperlinks to Cells", "Add Hyperlinks to Cells", "{079A3CDD-D486-4C0B-BC60-A5401FCD3B9E}"
EndProject
Project("{2150E333-8FDC-42A3-9474-1A3956D46DE8}") = "Adding New Worksheets to Workbook and Activating a Sheet", "Adding New Worksheets to Workbook and Activating a Sheet", "{52A32DF0-54B2-4602-9782-DAD2F7C8B800}"
EndProject
Project("{2150E333-8FDC-42A3-9474-1A3956D46DE8}") = "ApplyStylesToRanges", "ApplyStylesToRanges", "{38F66324-E388-4FDD-92FB-E2F9CA34A323}"
EndProject
Project("{2150E333-8FDC-42A3-9474-1A3956D46DE8}") = "Auto Filter Data", "Auto Filter Data", "{47CAF653-9D7C-48E8-BE68-654997133D86}"
EndProject
Project("{2150E333-8FDC-42A3-9474-1A3956D46DE8}") = "CopyWorksheets", "CopyWorksheets", "{05E36BD7-5E07-4431-8158-588A1BD26784}"
EndProject
Project("{2150E333-8FDC-42A3-9474-1A3956D46DE8}") = "Create a Pie Chart", "Create a Pie Chart", "{41A1BE11-3E84-4219-AF1E-FB3C1F049452}"
EndProject
Project("{2150E333-8FDC-42A3-9474-1A3956D46DE8}") = "CreateandSaveNewWorkbooks", "CreateandSaveNewWorkbooks", "{97FE9FAA-F9F7-4049-A3AB-891A83412D76}"
EndProject
Project("{2150E333-8FDC-42A3-9474-1A3956D46DE8}") = "Creating a Named Range", "Creating a Named Range", "{6BF642BC-2607-4081-A4AD-F3DDFCD3CA24}"
EndProject
Project("{2150E333-8FDC-42A3-9474-1A3956D46DE8}") = "DeleteWorksheetsFromWorkbooks", "DeleteWorksheetsFromWorkbooks", "{E6780BBD-9B29-404B-9F38-B28EB903FAFF}"
EndProject
Project("{2150E333-8FDC-42A3-9474-1A3956D46DE8}") = "DisplayStringInCell", "DisplayStringInCell", "{F554565B-07E4-435D-8418-5F1C26393AC3}"
EndProject
Project("{2150E333-8FDC-42A3-9474-1A3956D46DE8}") = "Hide and Unhide Worksheets in a Workbook", "Hide and Unhide Worksheets in a Workbook", "{4589272C-C0E4-458B-975F-CE300D748666}"
EndProject
Project("{2150E333-8FDC-42A3-9474-1A3956D46DE8}") = "Inserting and Removing Cell Comments in a Worksheet", "Inserting and Removing Cell Comments in a Worksheet", "{6C8855E0-26D1-4795-84A0-BA5A73812ACC}"
EndProject
Project("{2150E333-8FDC-42A3-9474-1A3956D46DE8}") = "Merge or UnMerge Cells in a Worksheet", "Merge or UnMerge Cells in a Worksheet", "{75DB5BF4-2845-4913-9981-1550126D351D}"
EndProject
Project("{2150E333-8FDC-42A3-9474-1A3956D46DE8}") = "OpenTextFilesAsWorkbooks", "OpenTextFilesAsWorkbooks", "{798F08FA-8976-4C99-9D29-7FCA56462B1F}"
EndProject
Project("{2150E333-8FDC-42A3-9474-1A3956D46DE8}") = "Protecting and Unprotecting Workbooks", "Protecting and Unprotecting Workbooks", "{F2ACCB96-7044-452B-B532-2CDA14E3253D}"
EndProject
Project("{2150E333-8FDC-42A3-9474-1A3956D46DE8}") = "Rotating Cell Text", "Rotating Cell Text", "{C418BE4C-B6C8-42CD-8E1D-45CDFE76E3E8}"
EndProject
Project("{2150E333-8FDC-42A3-9474-1A3956D46DE8}") = "Set Background Picture of a Worksheet", "Set Background Picture of a Worksheet", "{317447EF-6195-4694-A99C-F028164BA48E}"
EndProject
Project("{2150E333-8FDC-42A3-9474-1A3956D46DE8}") = "SortDataInWorksheets", "SortDataInWorksheets", "{51C58E0C-1CD2-4B53-92B5-E51DB001E221}"
EndProject
Project("{2150E333-8FDC-42A3-9474-1A3956D46DE8}") = "Use Formulas Functions to Process Data", "Use Formulas Functions to Process Data", "{A8D88127-1482-4AB6-95CF-229DC9D703C2}"
EndProject
Project("{2150E333-8FDC-42A3-9474-1A3956D46DE8}") = "Wrapping Cell Text", "Wrapping Cell Text", "{7C0F0FB2-0C25-49CF-A58D-3116F107B5DA}"
EndProject
Project("{FAE04EC0-301F-11D3-BF4B-00C04F79EFBC}") = "Aspose Cells", "Add Hyperlinks to Cells\Aspose\Aspose Cells.csproj", "{DCCF4347-5E8F-4AFE-8568-E887DC460C74}"
EndProject
Project("{FAE04EC0-301F-11D3-BF4B-00C04F79EFBC}") = "VSTO Cells", "Add Hyperlinks to Cells\VSTO Cells\VSTO Cells.csproj", "{D91D119B-752D-4460-80C6-0F535BF30B63}"
EndProject
Project("{FAE04EC0-301F-11D3-BF4B-00C04F79EFBC}") = "Aspose Cells", "ApplyStylesToRanges\Aspose ApplyStylesToRanges\Aspose Cells.csproj", "{D386408B-2111-4B5C-A39B-9FD3BBA64E70}"
EndProject
Project("{FAE04EC0-301F-11D3-BF4B-00C04F79EFBC}") = "VSTO Cells", "ApplyStylesToRanges\VSTO ApplyStylesToRanges\VSTO Cells.csproj", "{11D8F798-D6D3-4399-A896-D6F033E7686A}"
EndProject
Project("{FAE04EC0-301F-11D3-BF4B-00C04F79EFBC}") = "Aspose Cells", "Auto Filter Data\Aspose Cells\Aspose Cells.csproj", "{F0FBF713-1AF9-45AF-BEC8-FA6C981ACAE4}"
EndProject
Project("{FAE04EC0-301F-11D3-BF4B-00C04F79EFBC}") = "VSTO Cells", "Auto Filter Data\VSTO Cells\VSTO Cells.csproj", "{62B8CF9B-1068-42F9-8E25-F2EE3E741F73}"
EndProject
Project("{FAE04EC0-301F-11D3-BF4B-00C04F79EFBC}") = "Aspose Cells", "CopyWorksheets\Aspose CopyWorksheets\Aspose Cells.csproj", "{98843C8F-C88D-4D91-BD25-021955C01F83}"
EndProject
Project("{FAE04EC0-301F-11D3-BF4B-00C04F79EFBC}") = "VSTO Cells", "CopyWorksheets\VSTO CopyWorksheets\VSTO Cells.csproj", "{45D8E056-E8DC-4164-BD0F-5ED89E141B82}"
EndProject
Project("{FAE04EC0-301F-11D3-BF4B-00C04F79EFBC}") = "Aspose Cells", "Create a Pie Chart\Aspose Cells\Aspose Cells.csproj", "{1CA4E86F-4A71-4A6B-A503-AFC8D11EAF63}"
EndProject
Project("{FAE04EC0-301F-11D3-BF4B-00C04F79EFBC}") = "VSTO Cells", "Create a Pie Chart\VSTO Cells\VSTO Cells.csproj", "{8ACE5007-5139-4CBC-BC30-0A739BC4A45C}"
EndProject
Project("{FAE04EC0-301F-11D3-BF4B-00C04F79EFBC}") = "Aspose Cells", "Creating a Named Range\Aspose Cells\Aspose Cells.csproj", "{EFD67ED5-2313-4A76-A1B6-568454142299}"
EndProject
Project("{FAE04EC0-301F-11D3-BF4B-00C04F79EFBC}") = "VSTO Cells", "Creating a Named Range\VSTO Cells\VSTO Cells.csproj", "{886D653D-FC53-46A9-9E82-EA7A680E2EA2}"
EndProject
Project("{FAE04EC0-301F-11D3-BF4B-00C04F79EFBC}") = "Aspose Cells", "DisplayStringInCell\Aspose DisplayStringInCell\Aspose Cells.csproj", "{ED400A28-FF7C-4F29-8CF8-835EEB994607}"
EndProject
Project("{FAE04EC0-301F-11D3-BF4B-00C04F79EFBC}") = "VSTO Cells", "DisplayStringInCell\VSTO DisplayStringInCell\VSTO Cells.csproj", "{D79BD0E3-1F16-456B-9742-FE5E3D274DB7}"
EndProject
Project("{FAE04EC0-301F-11D3-BF4B-00C04F79EFBC}") = "Aspose Cells", "Insert and Remove Comments\Aspose Cells\Aspose Cells.csproj", "{034E779C-E2A4-46D2-90EA-EA50F0188493}"
EndProject
Project("{FAE04EC0-301F-11D3-BF4B-00C04F79EFBC}") = "Aspose Cells", "Add Borders to Cells\Aspose Cells\Aspose Cells.csproj", "{0078A687-2E96-4918-AD90-73228CF8585B}"
EndProject
Project("{FAE04EC0-301F-11D3-BF4B-00C04F79EFBC}") = "VSTO Cells", "Add Borders to Cells\VSTO Cells\VSTO Cells.csproj", "{1D177166-055F-4FC0-909D-CBEF0E558A61}"
EndProject
Project("{FAE04EC0-301F-11D3-BF4B-00C04F79EFBC}") = "Aspose Cells", "Add Worksheets\Aspose Cells\Aspose Cells.csproj", "{E98E64E5-47B3-434F-AE38-473BDAC3C149}"
EndProject
Project("{FAE04EC0-301F-11D3-BF4B-00C04F79EFBC}") = "VSTO Cells", "Add Worksheets\VSTO Cells\VSTO Cells.csproj", "{835E69F3-2CAD-42F5-9E77-346E2CA92589}"
EndProject
Project("{FAE04EC0-301F-11D3-BF4B-00C04F79EFBC}") = "Aspose Cells", "Create Workbooks\Aspose Cells\Aspose Cells.csproj", "{D0859E4D-A093-4D73-98EF-8C7A95D3B8B7}"
EndProject
Project("{FAE04EC0-301F-11D3-BF4B-00C04F79EFBC}") = "VSTO Cells", "Create Workbooks\VSTO Excel\VSTO Cells.csproj", "{83419C79-4544-4226-AD52-FC4B144D67DB}"
EndProject
Project("{FAE04EC0-301F-11D3-BF4B-00C04F79EFBC}") = "Aspose Cells", "Delete Worksheet\Aspose Cells\Aspose Cells.csproj", "{D9E06CE2-C9B7-4F6D-B46A-D0781FD79FC4}"
EndProject
Project("{FAE04EC0-301F-11D3-BF4B-00C04F79EFBC}") = "VSTO Cells", "Delete Worksheet\VSTO Cells\VSTO Cells.csproj", "{6DA7C036-F0F0-4953-9A1B-2882B4708A05}"
EndProject
Project("{FAE04EC0-301F-11D3-BF4B-00C04F79EFBC}") = "Aspose Cells", "Hide and Unhide Worksheets\Aspose Cells\Aspose Cells.csproj", "{80DBFA6F-9D61-4E49-B743-81843C9B239C}"
EndProject
Project("{FAE04EC0-301F-11D3-BF4B-00C04F79EFBC}") = "VSTO Cells", "Hide and Unhide Worksheets\VSTO Cells\VSTO Cells.csproj", "{27B27424-1417-48CF-9935-CB13B49E795E}"
EndProject
Project("{FAE04EC0-301F-11D3-BF4B-00C04F79EFBC}") = "VSTO Cells", "Insert and Remove Comments\VSTO Cells\VSTO Cells.csproj", "{540489AA-49B5-4877-AA66-16E2F02B788E}"
EndProject
Project("{FAE04EC0-301F-11D3-BF4B-00C04F79EFBC}") = "Aspose Cells", "Merge or UnMerge Cells\Aspose Cells\Aspose Cells.csproj", "{A1DDDC81-859C-46DA-98DA-D6652710DA92}"
EndProject
Project("{FAE04EC0-301F-11D3-BF4B-00C04F79EFBC}") = "VSTO Cells", "Merge or UnMerge Cells\VSTO Cells\VSTO Cells.csproj", "{CCA9329B-0793-4CEA-A5F6-B9068D21DFAE}"
EndProject
Project("{FAE04EC0-301F-11D3-BF4B-00C04F79EFBC}") = "Aspose OpenTextFilesAsWorkbooks", "OpenTextFilesAsWorkbooks\Aspose Cells\Aspose OpenTextFilesAsWorkbooks.csproj", "{70040833-865D-47A9-A53B-5B6A0C38C72C}"
EndProject
Project("{FAE04EC0-301F-11D3-BF4B-00C04F79EFBC}") = "VSTO OpenTextFilesAsWorkbooks", "OpenTextFilesAsWorkbooks\VSTO Cells\VSTO OpenTextFilesAsWorkbooks.csproj", "{7A7BE221-87E1-4781-ADF4-405E58142765}"
EndProject
Project("{FAE04EC0-301F-11D3-BF4B-00C04F79EFBC}") = "Aspose Cells", "Protect and Unprotect Workbook\Aspose Cells\Aspose Cells.csproj", "{86E04DD9-9463-4547-A212-9FF1F043D9CC}"
EndProject
Project("{FAE04EC0-301F-11D3-BF4B-00C04F79EFBC}") = "VSTO Cells", "Protect and Unprotect Workbook\VSTO Cells\VSTO Cells.csproj", "{719419CE-76C1-4C0F-8EC8-3143C337D938}"
EndProject
Project("{FAE04EC0-301F-11D3-BF4B-00C04F79EFBC}") = "Aspose Cells", "Rotating Cell Text\Aspose Cells\Aspose Cells.csproj", "{FCCDC076-A3CC-4996-A0A7-45C6D48B41F3}"
EndProject
Project("{FAE04EC0-301F-11D3-BF4B-00C04F79EFBC}") = "VSTO Cells", "Rotating Cell Text\VSTO Cells\VSTO Cells.csproj", "{60FC6C3E-837C-42BB-9814-7A4FEADBA0FE}"
EndProject
Project("{FAE04EC0-301F-11D3-BF4B-00C04F79EFBC}") = "Aspose Cells", "Set Background Picture\Aspose Cells\Aspose Cells.csproj", "{0065F19F-2D3A-436C-BBC5-3F6083FF6E24}"
EndProject
Project("{FAE04EC0-301F-11D3-BF4B-00C04F79EFBC}") = "VSTO Cells", "Set Background Picture\VSTO Cells\VSTO Cells.csproj", "{07C2EA0D-D309-48DA-976E-F40FB5DBDC1A}"
EndProject
Project("{FAE04EC0-301F-11D3-BF4B-00C04F79EFBC}") = "Aspose SortDataInWorksheets", "Sort Data\Aspose SortDataInWorksheets\Aspose SortDataInWorksheets.csproj", "{E4CF663E-734B-449E-AC9E-41CC49D6F290}"
EndProject
Project("{FAE04EC0-301F-11D3-BF4B-00C04F79EFBC}") = "VSTO SortDataInWorksheets", "Sort Data\VSTO SortDataInWorksheets\VSTO SortDataInWorksheets.csproj", "{69A28D6F-BF05-444A-ADBF-E7AA84815D8B}"
EndProject
Project("{FAE04EC0-301F-11D3-BF4B-00C04F79EFBC}") = "Aspose Cells", "Use Formulas to Process Data\Aspose Cells\Aspose Cells.csproj", "{837B4752-48A6-4ACE-90E1-E11F8A91D9E1}"
EndProject
Project("{FAE04EC0-301F-11D3-BF4B-00C04F79EFBC}") = "VSTO Cells", "Use Formulas to Process Data\VSTO Cells\VSTO Cells.csproj", "{10025497-70AC-4EFD-AD6C-FFFB291EFF15}"
EndProject
Project("{FAE04EC0-301F-11D3-BF4B-00C04F79EFBC}") = "Aspose Cells", "Wrapping Cell Text\Aspose Cells\Aspose Cells.csproj", "{99E2C274-6634-4981-B6CB-E30CC03BE7D0}"
EndProject
Project("{FAE04EC0-301F-11D3-BF4B-00C04F79EFBC}") = "VSTO Cells", "Wrapping Cell Text\VSTO Cells\VSTO Cells.csproj", "{B1DEB269-080F-49DD-A825-0DF5B509ACC8}"
EndProject
Global
	GlobalSection(SolutionConfigurationPlatforms) = preSolution
		Debug|Any CPU = Debug|Any CPU
		Release|Any CPU = Release|Any CPU
	EndGlobalSection
	GlobalSection(ProjectConfigurationPlatforms) = postSolution
		{DCCF4347-5E8F-4AFE-8568-E887DC460C74}.Debug|Any CPU.ActiveCfg = Debug|Any CPU
		{DCCF4347-5E8F-4AFE-8568-E887DC460C74}.Debug|Any CPU.Build.0 = Debug|Any CPU
		{DCCF4347-5E8F-4AFE-8568-E887DC460C74}.Release|Any CPU.ActiveCfg = Release|Any CPU
		{DCCF4347-5E8F-4AFE-8568-E887DC460C74}.Release|Any CPU.Build.0 = Release|Any CPU
		{D91D119B-752D-4460-80C6-0F535BF30B63}.Debug|Any CPU.ActiveCfg = Debug|Any CPU
		{D91D119B-752D-4460-80C6-0F535BF30B63}.Debug|Any CPU.Build.0 = Debug|Any CPU
		{D91D119B-752D-4460-80C6-0F535BF30B63}.Release|Any CPU.ActiveCfg = Release|Any CPU
		{D91D119B-752D-4460-80C6-0F535BF30B63}.Release|Any CPU.Build.0 = Release|Any CPU
		{D386408B-2111-4B5C-A39B-9FD3BBA64E70}.Debug|Any CPU.ActiveCfg = Debug|Any CPU
		{D386408B-2111-4B5C-A39B-9FD3BBA64E70}.Debug|Any CPU.Build.0 = Debug|Any CPU
		{D386408B-2111-4B5C-A39B-9FD3BBA64E70}.Release|Any CPU.ActiveCfg = Release|Any CPU
		{D386408B-2111-4B5C-A39B-9FD3BBA64E70}.Release|Any CPU.Build.0 = Release|Any CPU
		{11D8F798-D6D3-4399-A896-D6F033E7686A}.Debug|Any CPU.ActiveCfg = Debug|Any CPU
		{11D8F798-D6D3-4399-A896-D6F033E7686A}.Debug|Any CPU.Build.0 = Debug|Any CPU
		{11D8F798-D6D3-4399-A896-D6F033E7686A}.Release|Any CPU.ActiveCfg = Release|Any CPU
		{11D8F798-D6D3-4399-A896-D6F033E7686A}.Release|Any CPU.Build.0 = Release|Any CPU
		{F0FBF713-1AF9-45AF-BEC8-FA6C981ACAE4}.Debug|Any CPU.ActiveCfg = Debug|Any CPU
		{F0FBF713-1AF9-45AF-BEC8-FA6C981ACAE4}.Debug|Any CPU.Build.0 = Debug|Any CPU
		{F0FBF713-1AF9-45AF-BEC8-FA6C981ACAE4}.Release|Any CPU.ActiveCfg = Release|Any CPU
		{F0FBF713-1AF9-45AF-BEC8-FA6C981ACAE4}.Release|Any CPU.Build.0 = Release|Any CPU
		{62B8CF9B-1068-42F9-8E25-F2EE3E741F73}.Debug|Any CPU.ActiveCfg = Debug|Any CPU
		{62B8CF9B-1068-42F9-8E25-F2EE3E741F73}.Debug|Any CPU.Build.0 = Debug|Any CPU
		{62B8CF9B-1068-42F9-8E25-F2EE3E741F73}.Release|Any CPU.ActiveCfg = Release|Any CPU
		{62B8CF9B-1068-42F9-8E25-F2EE3E741F73}.Release|Any CPU.Build.0 = Release|Any CPU
		{98843C8F-C88D-4D91-BD25-021955C01F83}.Debug|Any CPU.ActiveCfg = Debug|Any CPU
		{98843C8F-C88D-4D91-BD25-021955C01F83}.Debug|Any CPU.Build.0 = Debug|Any CPU
		{98843C8F-C88D-4D91-BD25-021955C01F83}.Release|Any CPU.ActiveCfg = Release|Any CPU
		{98843C8F-C88D-4D91-BD25-021955C01F83}.Release|Any CPU.Build.0 = Release|Any CPU
		{45D8E056-E8DC-4164-BD0F-5ED89E141B82}.Debug|Any CPU.ActiveCfg = Debug|Any CPU
		{45D8E056-E8DC-4164-BD0F-5ED89E141B82}.Debug|Any CPU.Build.0 = Debug|Any CPU
		{45D8E056-E8DC-4164-BD0F-5ED89E141B82}.Release|Any CPU.ActiveCfg = Release|Any CPU
		{45D8E056-E8DC-4164-BD0F-5ED89E141B82}.Release|Any CPU.Build.0 = Release|Any CPU
		{1CA4E86F-4A71-4A6B-A503-AFC8D11EAF63}.Debug|Any CPU.ActiveCfg = Debug|Any CPU
		{1CA4E86F-4A71-4A6B-A503-AFC8D11EAF63}.Debug|Any CPU.Build.0 = Debug|Any CPU
		{1CA4E86F-4A71-4A6B-A503-AFC8D11EAF63}.Release|Any CPU.ActiveCfg = Release|Any CPU
		{1CA4E86F-4A71-4A6B-A503-AFC8D11EAF63}.Release|Any CPU.Build.0 = Release|Any CPU
		{8ACE5007-5139-4CBC-BC30-0A739BC4A45C}.Debug|Any CPU.ActiveCfg = Debug|Any CPU
		{8ACE5007-5139-4CBC-BC30-0A739BC4A45C}.Debug|Any CPU.Build.0 = Debug|Any CPU
		{8ACE5007-5139-4CBC-BC30-0A739BC4A45C}.Release|Any CPU.ActiveCfg = Release|Any CPU
		{8ACE5007-5139-4CBC-BC30-0A739BC4A45C}.Release|Any CPU.Build.0 = Release|Any CPU
		{EFD67ED5-2313-4A76-A1B6-568454142299}.Debug|Any CPU.ActiveCfg = Debug|Any CPU
		{EFD67ED5-2313-4A76-A1B6-568454142299}.Debug|Any CPU.Build.0 = Debug|Any CPU
		{EFD67ED5-2313-4A76-A1B6-568454142299}.Release|Any CPU.ActiveCfg = Release|Any CPU
		{EFD67ED5-2313-4A76-A1B6-568454142299}.Release|Any CPU.Build.0 = Release|Any CPU
		{886D653D-FC53-46A9-9E82-EA7A680E2EA2}.Debug|Any CPU.ActiveCfg = Debug|Any CPU
		{886D653D-FC53-46A9-9E82-EA7A680E2EA2}.Debug|Any CPU.Build.0 = Debug|Any CPU
		{886D653D-FC53-46A9-9E82-EA7A680E2EA2}.Release|Any CPU.ActiveCfg = Release|Any CPU
		{886D653D-FC53-46A9-9E82-EA7A680E2EA2}.Release|Any CPU.Build.0 = Release|Any CPU
		{ED400A28-FF7C-4F29-8CF8-835EEB994607}.Debug|Any CPU.ActiveCfg = Debug|Any CPU
		{ED400A28-FF7C-4F29-8CF8-835EEB994607}.Debug|Any CPU.Build.0 = Debug|Any CPU
		{ED400A28-FF7C-4F29-8CF8-835EEB994607}.Release|Any CPU.ActiveCfg = Release|Any CPU
		{ED400A28-FF7C-4F29-8CF8-835EEB994607}.Release|Any CPU.Build.0 = Release|Any CPU
		{D79BD0E3-1F16-456B-9742-FE5E3D274DB7}.Debug|Any CPU.ActiveCfg = Debug|Any CPU
		{D79BD0E3-1F16-456B-9742-FE5E3D274DB7}.Debug|Any CPU.Build.0 = Debug|Any CPU
		{D79BD0E3-1F16-456B-9742-FE5E3D274DB7}.Release|Any CPU.ActiveCfg = Release|Any CPU
		{D79BD0E3-1F16-456B-9742-FE5E3D274DB7}.Release|Any CPU.Build.0 = Release|Any CPU
		{034E779C-E2A4-46D2-90EA-EA50F0188493}.Debug|Any CPU.ActiveCfg = Debug|Any CPU
		{034E779C-E2A4-46D2-90EA-EA50F0188493}.Debug|Any CPU.Build.0 = Debug|Any CPU
		{034E779C-E2A4-46D2-90EA-EA50F0188493}.Release|Any CPU.ActiveCfg = Release|Any CPU
		{034E779C-E2A4-46D2-90EA-EA50F0188493}.Release|Any CPU.Build.0 = Release|Any CPU
		{0078A687-2E96-4918-AD90-73228CF8585B}.Debug|Any CPU.ActiveCfg = Debug|Any CPU
		{0078A687-2E96-4918-AD90-73228CF8585B}.Debug|Any CPU.Build.0 = Debug|Any CPU
		{0078A687-2E96-4918-AD90-73228CF8585B}.Release|Any CPU.ActiveCfg = Release|Any CPU
		{0078A687-2E96-4918-AD90-73228CF8585B}.Release|Any CPU.Build.0 = Release|Any CPU
		{1D177166-055F-4FC0-909D-CBEF0E558A61}.Debug|Any CPU.ActiveCfg = Debug|Any CPU
		{1D177166-055F-4FC0-909D-CBEF0E558A61}.Debug|Any CPU.Build.0 = Debug|Any CPU
		{1D177166-055F-4FC0-909D-CBEF0E558A61}.Release|Any CPU.ActiveCfg = Release|Any CPU
		{1D177166-055F-4FC0-909D-CBEF0E558A61}.Release|Any CPU.Build.0 = Release|Any CPU
		{E98E64E5-47B3-434F-AE38-473BDAC3C149}.Debug|Any CPU.ActiveCfg = Debug|Any CPU
		{E98E64E5-47B3-434F-AE38-473BDAC3C149}.Debug|Any CPU.Build.0 = Debug|Any CPU
		{E98E64E5-47B3-434F-AE38-473BDAC3C149}.Release|Any CPU.ActiveCfg = Release|Any CPU
		{E98E64E5-47B3-434F-AE38-473BDAC3C149}.Release|Any CPU.Build.0 = Release|Any CPU
		{835E69F3-2CAD-42F5-9E77-346E2CA92589}.Debug|Any CPU.ActiveCfg = Debug|Any CPU
		{835E69F3-2CAD-42F5-9E77-346E2CA92589}.Debug|Any CPU.Build.0 = Debug|Any CPU
		{835E69F3-2CAD-42F5-9E77-346E2CA92589}.Release|Any CPU.ActiveCfg = Release|Any CPU
		{835E69F3-2CAD-42F5-9E77-346E2CA92589}.Release|Any CPU.Build.0 = Release|Any CPU
		{D0859E4D-A093-4D73-98EF-8C7A95D3B8B7}.Debug|Any CPU.ActiveCfg = Debug|Any CPU
		{D0859E4D-A093-4D73-98EF-8C7A95D3B8B7}.Debug|Any CPU.Build.0 = Debug|Any CPU
		{D0859E4D-A093-4D73-98EF-8C7A95D3B8B7}.Release|Any CPU.ActiveCfg = Release|Any CPU
		{D0859E4D-A093-4D73-98EF-8C7A95D3B8B7}.Release|Any CPU.Build.0 = Release|Any CPU
		{83419C79-4544-4226-AD52-FC4B144D67DB}.Debug|Any CPU.ActiveCfg = Debug|Any CPU
		{83419C79-4544-4226-AD52-FC4B144D67DB}.Debug|Any CPU.Build.0 = Debug|Any CPU
		{83419C79-4544-4226-AD52-FC4B144D67DB}.Release|Any CPU.ActiveCfg = Release|Any CPU
		{83419C79-4544-4226-AD52-FC4B144D67DB}.Release|Any CPU.Build.0 = Release|Any CPU
		{D9E06CE2-C9B7-4F6D-B46A-D0781FD79FC4}.Debug|Any CPU.ActiveCfg = Debug|Any CPU
		{D9E06CE2-C9B7-4F6D-B46A-D0781FD79FC4}.Debug|Any CPU.Build.0 = Debug|Any CPU
		{D9E06CE2-C9B7-4F6D-B46A-D0781FD79FC4}.Release|Any CPU.ActiveCfg = Release|Any CPU
		{D9E06CE2-C9B7-4F6D-B46A-D0781FD79FC4}.Release|Any CPU.Build.0 = Release|Any CPU
		{6DA7C036-F0F0-4953-9A1B-2882B4708A05}.Debug|Any CPU.ActiveCfg = Debug|Any CPU
		{6DA7C036-F0F0-4953-9A1B-2882B4708A05}.Debug|Any CPU.Build.0 = Debug|Any CPU
		{6DA7C036-F0F0-4953-9A1B-2882B4708A05}.Release|Any CPU.ActiveCfg = Release|Any CPU
		{6DA7C036-F0F0-4953-9A1B-2882B4708A05}.Release|Any CPU.Build.0 = Release|Any CPU
		{80DBFA6F-9D61-4E49-B743-81843C9B239C}.Debug|Any CPU.ActiveCfg = Debug|Any CPU
		{80DBFA6F-9D61-4E49-B743-81843C9B239C}.Debug|Any CPU.Build.0 = Debug|Any CPU
		{80DBFA6F-9D61-4E49-B743-81843C9B239C}.Release|Any CPU.ActiveCfg = Release|Any CPU
		{80DBFA6F-9D61-4E49-B743-81843C9B239C}.Release|Any CPU.Build.0 = Release|Any CPU
		{27B27424-1417-48CF-9935-CB13B49E795E}.Debug|Any CPU.ActiveCfg = Debug|Any CPU
		{27B27424-1417-48CF-9935-CB13B49E795E}.Debug|Any CPU.Build.0 = Debug|Any CPU
		{27B27424-1417-48CF-9935-CB13B49E795E}.Release|Any CPU.ActiveCfg = Release|Any CPU
		{27B27424-1417-48CF-9935-CB13B49E795E}.Release|Any CPU.Build.0 = Release|Any CPU
		{540489AA-49B5-4877-AA66-16E2F02B788E}.Debug|Any CPU.ActiveCfg = Debug|Any CPU
		{540489AA-49B5-4877-AA66-16E2F02B788E}.Debug|Any CPU.Build.0 = Debug|Any CPU
		{540489AA-49B5-4877-AA66-16E2F02B788E}.Release|Any CPU.ActiveCfg = Release|Any CPU
		{540489AA-49B5-4877-AA66-16E2F02B788E}.Release|Any CPU.Build.0 = Release|Any CPU
		{A1DDDC81-859C-46DA-98DA-D6652710DA92}.Debug|Any CPU.ActiveCfg = Debug|Any CPU
		{A1DDDC81-859C-46DA-98DA-D6652710DA92}.Debug|Any CPU.Build.0 = Debug|Any CPU
		{A1DDDC81-859C-46DA-98DA-D6652710DA92}.Release|Any CPU.ActiveCfg = Release|Any CPU
		{A1DDDC81-859C-46DA-98DA-D6652710DA92}.Release|Any CPU.Build.0 = Release|Any CPU
		{CCA9329B-0793-4CEA-A5F6-B9068D21DFAE}.Debug|Any CPU.ActiveCfg = Debug|Any CPU
		{CCA9329B-0793-4CEA-A5F6-B9068D21DFAE}.Debug|Any CPU.Build.0 = Debug|Any CPU
		{CCA9329B-0793-4CEA-A5F6-B9068D21DFAE}.Release|Any CPU.ActiveCfg = Release|Any CPU
		{CCA9329B-0793-4CEA-A5F6-B9068D21DFAE}.Release|Any CPU.Build.0 = Release|Any CPU
		{70040833-865D-47A9-A53B-5B6A0C38C72C}.Debug|Any CPU.ActiveCfg = Debug|Any CPU
		{70040833-865D-47A9-A53B-5B6A0C38C72C}.Debug|Any CPU.Build.0 = Debug|Any CPU
		{70040833-865D-47A9-A53B-5B6A0C38C72C}.Release|Any CPU.ActiveCfg = Release|Any CPU
		{70040833-865D-47A9-A53B-5B6A0C38C72C}.Release|Any CPU.Build.0 = Release|Any CPU
		{7A7BE221-87E1-4781-ADF4-405E58142765}.Debug|Any CPU.ActiveCfg = Debug|Any CPU
		{7A7BE221-87E1-4781-ADF4-405E58142765}.Debug|Any CPU.Build.0 = Debug|Any CPU
		{7A7BE221-87E1-4781-ADF4-405E58142765}.Release|Any CPU.ActiveCfg = Release|Any CPU
		{7A7BE221-87E1-4781-ADF4-405E58142765}.Release|Any CPU.Build.0 = Release|Any CPU
		{86E04DD9-9463-4547-A212-9FF1F043D9CC}.Debug|Any CPU.ActiveCfg = Debug|Any CPU
		{86E04DD9-9463-4547-A212-9FF1F043D9CC}.Debug|Any CPU.Build.0 = Debug|Any CPU
		{86E04DD9-9463-4547-A212-9FF1F043D9CC}.Release|Any CPU.ActiveCfg = Release|Any CPU
		{86E04DD9-9463-4547-A212-9FF1F043D9CC}.Release|Any CPU.Build.0 = Release|Any CPU
		{719419CE-76C1-4C0F-8EC8-3143C337D938}.Debug|Any CPU.ActiveCfg = Debug|Any CPU
		{719419CE-76C1-4C0F-8EC8-3143C337D938}.Debug|Any CPU.Build.0 = Debug|Any CPU
		{719419CE-76C1-4C0F-8EC8-3143C337D938}.Release|Any CPU.ActiveCfg = Release|Any CPU
		{719419CE-76C1-4C0F-8EC8-3143C337D938}.Release|Any CPU.Build.0 = Release|Any CPU
		{FCCDC076-A3CC-4996-A0A7-45C6D48B41F3}.Debug|Any CPU.ActiveCfg = Debug|Any CPU
		{FCCDC076-A3CC-4996-A0A7-45C6D48B41F3}.Debug|Any CPU.Build.0 = Debug|Any CPU
		{FCCDC076-A3CC-4996-A0A7-45C6D48B41F3}.Release|Any CPU.ActiveCfg = Release|Any CPU
		{FCCDC076-A3CC-4996-A0A7-45C6D48B41F3}.Release|Any CPU.Build.0 = Release|Any CPU
		{60FC6C3E-837C-42BB-9814-7A4FEADBA0FE}.Debug|Any CPU.ActiveCfg = Debug|Any CPU
		{60FC6C3E-837C-42BB-9814-7A4FEADBA0FE}.Debug|Any CPU.Build.0 = Debug|Any CPU
		{60FC6C3E-837C-42BB-9814-7A4FEADBA0FE}.Release|Any CPU.ActiveCfg = Release|Any CPU
		{60FC6C3E-837C-42BB-9814-7A4FEADBA0FE}.Release|Any CPU.Build.0 = Release|Any CPU
		{0065F19F-2D3A-436C-BBC5-3F6083FF6E24}.Debug|Any CPU.ActiveCfg = Debug|Any CPU
		{0065F19F-2D3A-436C-BBC5-3F6083FF6E24}.Debug|Any CPU.Build.0 = Debug|Any CPU
		{0065F19F-2D3A-436C-BBC5-3F6083FF6E24}.Release|Any CPU.ActiveCfg = Release|Any CPU
		{0065F19F-2D3A-436C-BBC5-3F6083FF6E24}.Release|Any CPU.Build.0 = Release|Any CPU
		{07C2EA0D-D309-48DA-976E-F40FB5DBDC1A}.Debug|Any CPU.ActiveCfg = Debug|Any CPU
		{07C2EA0D-D309-48DA-976E-F40FB5DBDC1A}.Debug|Any CPU.Build.0 = Debug|Any CPU
		{07C2EA0D-D309-48DA-976E-F40FB5DBDC1A}.Release|Any CPU.ActiveCfg = Release|Any CPU
		{07C2EA0D-D309-48DA-976E-F40FB5DBDC1A}.Release|Any CPU.Build.0 = Release|Any CPU
		{E4CF663E-734B-449E-AC9E-41CC49D6F290}.Debug|Any CPU.ActiveCfg = Debug|Any CPU
		{E4CF663E-734B-449E-AC9E-41CC49D6F290}.Debug|Any CPU.Build.0 = Debug|Any CPU
		{E4CF663E-734B-449E-AC9E-41CC49D6F290}.Release|Any CPU.ActiveCfg = Release|Any CPU
		{E4CF663E-734B-449E-AC9E-41CC49D6F290}.Release|Any CPU.Build.0 = Release|Any CPU
		{69A28D6F-BF05-444A-ADBF-E7AA84815D8B}.Debug|Any CPU.ActiveCfg = Debug|Any CPU
		{69A28D6F-BF05-444A-ADBF-E7AA84815D8B}.Debug|Any CPU.Build.0 = Debug|Any CPU
		{69A28D6F-BF05-444A-ADBF-E7AA84815D8B}.Release|Any CPU.ActiveCfg = Release|Any CPU
		{69A28D6F-BF05-444A-ADBF-E7AA84815D8B}.Release|Any CPU.Build.0 = Release|Any CPU
		{837B4752-48A6-4ACE-90E1-E11F8A91D9E1}.Debug|Any CPU.ActiveCfg = Debug|Any CPU
		{837B4752-48A6-4ACE-90E1-E11F8A91D9E1}.Debug|Any CPU.Build.0 = Debug|Any CPU
		{837B4752-48A6-4ACE-90E1-E11F8A91D9E1}.Release|Any CPU.ActiveCfg = Release|Any CPU
		{837B4752-48A6-4ACE-90E1-E11F8A91D9E1}.Release|Any CPU.Build.0 = Release|Any CPU
		{10025497-70AC-4EFD-AD6C-FFFB291EFF15}.Debug|Any CPU.ActiveCfg = Debug|Any CPU
		{10025497-70AC-4EFD-AD6C-FFFB291EFF15}.Debug|Any CPU.Build.0 = Debug|Any CPU
		{10025497-70AC-4EFD-AD6C-FFFB291EFF15}.Release|Any CPU.ActiveCfg = Release|Any CPU
		{10025497-70AC-4EFD-AD6C-FFFB291EFF15}.Release|Any CPU.Build.0 = Release|Any CPU
		{99E2C274-6634-4981-B6CB-E30CC03BE7D0}.Debug|Any CPU.ActiveCfg = Debug|Any CPU
		{99E2C274-6634-4981-B6CB-E30CC03BE7D0}.Debug|Any CPU.Build.0 = Debug|Any CPU
		{99E2C274-6634-4981-B6CB-E30CC03BE7D0}.Release|Any CPU.ActiveCfg = Release|Any CPU
		{99E2C274-6634-4981-B6CB-E30CC03BE7D0}.Release|Any CPU.Build.0 = Release|Any CPU
		{B1DEB269-080F-49DD-A825-0DF5B509ACC8}.Debug|Any CPU.ActiveCfg = Debug|Any CPU
		{B1DEB269-080F-49DD-A825-0DF5B509ACC8}.Debug|Any CPU.Build.0 = Debug|Any CPU
		{B1DEB269-080F-49DD-A825-0DF5B509ACC8}.Release|Any CPU.ActiveCfg = Release|Any CPU
		{B1DEB269-080F-49DD-A825-0DF5B509ACC8}.Release|Any CPU.Build.0 = Release|Any CPU
	EndGlobalSection
	GlobalSection(SolutionProperties) = preSolution
		HideSolutionNode = FALSE
	EndGlobalSection
	GlobalSection(NestedProjects) = preSolution
		{0078A687-2E96-4918-AD90-73228CF8585B} = {A1D48268-1975-4C84-A3E9-3C772419EB6C}
		{1D177166-055F-4FC0-909D-CBEF0E558A61} = {A1D48268-1975-4C84-A3E9-3C772419EB6C}
		{DCCF4347-5E8F-4AFE-8568-E887DC460C74} = {079A3CDD-D486-4C0B-BC60-A5401FCD3B9E}
		{D91D119B-752D-4460-80C6-0F535BF30B63} = {079A3CDD-D486-4C0B-BC60-A5401FCD3B9E}
		{E98E64E5-47B3-434F-AE38-473BDAC3C149} = {52A32DF0-54B2-4602-9782-DAD2F7C8B800}
		{835E69F3-2CAD-42F5-9E77-346E2CA92589} = {52A32DF0-54B2-4602-9782-DAD2F7C8B800}
		{D386408B-2111-4B5C-A39B-9FD3BBA64E70} = {38F66324-E388-4FDD-92FB-E2F9CA34A323}
		{11D8F798-D6D3-4399-A896-D6F033E7686A} = {38F66324-E388-4FDD-92FB-E2F9CA34A323}
		{F0FBF713-1AF9-45AF-BEC8-FA6C981ACAE4} = {47CAF653-9D7C-48E8-BE68-654997133D86}
		{62B8CF9B-1068-42F9-8E25-F2EE3E741F73} = {47CAF653-9D7C-48E8-BE68-654997133D86}
		{98843C8F-C88D-4D91-BD25-021955C01F83} = {05E36BD7-5E07-4431-8158-588A1BD26784}
		{45D8E056-E8DC-4164-BD0F-5ED89E141B82} = {05E36BD7-5E07-4431-8158-588A1BD26784}
		{1CA4E86F-4A71-4A6B-A503-AFC8D11EAF63} = {41A1BE11-3E84-4219-AF1E-FB3C1F049452}
		{8ACE5007-5139-4CBC-BC30-0A739BC4A45C} = {41A1BE11-3E84-4219-AF1E-FB3C1F049452}
		{D0859E4D-A093-4D73-98EF-8C7A95D3B8B7} = {97FE9FAA-F9F7-4049-A3AB-891A83412D76}
		{83419C79-4544-4226-AD52-FC4B144D67DB} = {97FE9FAA-F9F7-4049-A3AB-891A83412D76}
		{EFD67ED5-2313-4A76-A1B6-568454142299} = {6BF642BC-2607-4081-A4AD-F3DDFCD3CA24}
		{886D653D-FC53-46A9-9E82-EA7A680E2EA2} = {6BF642BC-2607-4081-A4AD-F3DDFCD3CA24}
		{D9E06CE2-C9B7-4F6D-B46A-D0781FD79FC4} = {E6780BBD-9B29-404B-9F38-B28EB903FAFF}
		{6DA7C036-F0F0-4953-9A1B-2882B4708A05} = {E6780BBD-9B29-404B-9F38-B28EB903FAFF}
		{ED400A28-FF7C-4F29-8CF8-835EEB994607} = {F554565B-07E4-435D-8418-5F1C26393AC3}
		{D79BD0E3-1F16-456B-9742-FE5E3D274DB7} = {F554565B-07E4-435D-8418-5F1C26393AC3}
		{80DBFA6F-9D61-4E49-B743-81843C9B239C} = {4589272C-C0E4-458B-975F-CE300D748666}
		{27B27424-1417-48CF-9935-CB13B49E795E} = {4589272C-C0E4-458B-975F-CE300D748666}
		{034E779C-E2A4-46D2-90EA-EA50F0188493} = {6C8855E0-26D1-4795-84A0-BA5A73812ACC}
		{540489AA-49B5-4877-AA66-16E2F02B788E} = {6C8855E0-26D1-4795-84A0-BA5A73812ACC}
		{A1DDDC81-859C-46DA-98DA-D6652710DA92} = {75DB5BF4-2845-4913-9981-1550126D351D}
		{CCA9329B-0793-4CEA-A5F6-B9068D21DFAE} = {75DB5BF4-2845-4913-9981-1550126D351D}
		{70040833-865D-47A9-A53B-5B6A0C38C72C} = {798F08FA-8976-4C99-9D29-7FCA56462B1F}
		{7A7BE221-87E1-4781-ADF4-405E58142765} = {798F08FA-8976-4C99-9D29-7FCA56462B1F}
		{86E04DD9-9463-4547-A212-9FF1F043D9CC} = {F2ACCB96-7044-452B-B532-2CDA14E3253D}
		{719419CE-76C1-4C0F-8EC8-3143C337D938} = {F2ACCB96-7044-452B-B532-2CDA14E3253D}
		{FCCDC076-A3CC-4996-A0A7-45C6D48B41F3} = {C418BE4C-B6C8-42CD-8E1D-45CDFE76E3E8}
		{60FC6C3E-837C-42BB-9814-7A4FEADBA0FE} = {C418BE4C-B6C8-42CD-8E1D-45CDFE76E3E8}
		{0065F19F-2D3A-436C-BBC5-3F6083FF6E24} = {317447EF-6195-4694-A99C-F028164BA48E}
		{07C2EA0D-D309-48DA-976E-F40FB5DBDC1A} = {317447EF-6195-4694-A99C-F028164BA48E}
		{E4CF663E-734B-449E-AC9E-41CC49D6F290} = {51C58E0C-1CD2-4B53-92B5-E51DB001E221}
		{69A28D6F-BF05-444A-ADBF-E7AA84815D8B} = {51C58E0C-1CD2-4B53-92B5-E51DB001E221}
		{837B4752-48A6-4ACE-90E1-E11F8A91D9E1} = {A8D88127-1482-4AB6-95CF-229DC9D703C2}
		{10025497-70AC-4EFD-AD6C-FFFB291EFF15} = {A8D88127-1482-4AB6-95CF-229DC9D703C2}
		{99E2C274-6634-4981-B6CB-E30CC03BE7D0} = {7C0F0FB2-0C25-49CF-A58D-3116F107B5DA}
		{B1DEB269-080F-49DD-A825-0DF5B509ACC8} = {7C0F0FB2-0C25-49CF-A58D-3116F107B5DA}
	EndGlobalSection
EndGlobal
