
Microsoft Visual Studio Solution File, Format Version 12.00
# Visual Studio 2013
VisualStudioVersion = 12.0.21005.1
MinimumVisualStudioVersion = 10.0.40219.1
Project("{2150E333-8FDC-42A3-9474-1A3956D46DE8}") = "Add Bookmark", "Add Bookmark", "{5D2C5607-7F56-456B-B21C-2D9DD82629F8}"
EndProject
Project("{2150E333-8FDC-42A3-9474-1A3956D46DE8}") = "Add Picture", "Add Picture", "{B7742CF1-EFEC-4E94-8AFD-B6D016716AD0}"
EndProject
Project("{2150E333-8FDC-42A3-9474-1A3956D46DE8}") = "Add Picture and WordArt", "Add Picture and WordArt", "{23D059C4-90E6-4A3E-BF3B-6A5920AEA1FA}"
EndProject
Project("{2150E333-8FDC-42A3-9474-1A3956D46DE8}") = "Changing Page Setup for Whole Document", "Changing Page Setup for Whole Document", "{63FFD4E3-07C1-46BA-8214-FF2106582468}"
EndProject
Project("{2150E333-8FDC-42A3-9474-1A3956D46DE8}") = "Display Documents in Print Preview", "Display Documents in Print Preview", "{DC6610F9-6AB0-4C20-8169-075DA00D3B33}"
EndProject
Project("{2150E333-8FDC-42A3-9474-1A3956D46DE8}") = "Fitting all Tables to the Page Width", "Fitting all Tables to the Page Width", "{6D922926-75DB-4DD9-A761-2B6C0773F04A}"
EndProject
Project("{2150E333-8FDC-42A3-9474-1A3956D46DE8}") = "Inserting Table", "Inserting Table", "{AD8EB886-5935-48AD-ADCB-09C07B20F4D3}"
EndProject
Project("{2150E333-8FDC-42A3-9474-1A3956D46DE8}") = "Joining Documents Together", "Joining Documents Together", "{4AE3D3F0-30FB-4E9A-98A7-43F6B29265D7}"
EndProject
Project("{2150E333-8FDC-42A3-9474-1A3956D46DE8}") = "Print Documents", "Print Documents", "{B2AB41BC-E471-4125-BA40-91F6D9F929D1}"
EndProject
Project("{2150E333-8FDC-42A3-9474-1A3956D46DE8}") = "Protect Documents", "Protect Documents", "{8318B6D8-EF9D-4FF9-BCFE-3011731EA943}"
EndProject
Project("{2150E333-8FDC-42A3-9474-1A3956D46DE8}") = "Remove All Comments from Documents", "Remove All Comments from Documents", "{451056B0-B159-40BB-8D8E-8E71D72FC93A}"
EndProject
Project("{2150E333-8FDC-42A3-9474-1A3956D46DE8}") = "Removing Header and Footer", "Removing Header and Footer", "{1E5A266F-C4CE-4C5E-86A2-07718A5DD07E}"
EndProject
Project("{2150E333-8FDC-42A3-9474-1A3956D46DE8}") = "Search for and Replace text", "Search for and Replace text", "{D6C539E5-A200-430C-A372-82A6C9BAC9AA}"
EndProject
Project("{2150E333-8FDC-42A3-9474-1A3956D46DE8}") = "Add Headers and Footers to Doc", "Add Headers and Footers to Doc", "{113EC75E-A129-4A7B-A7A7-26D13AB7551C}"
EndProject
Project("{FAE04EC0-301F-11D3-BF4B-00C04F79EFBC}") = "Aspose Words", "Add Bookmark\Aspose Words\Aspose Words.csproj", "{F9E95EF4-A8EC-4FF1-9ACF-55457F20E14D}"
EndProject
Project("{FAE04EC0-301F-11D3-BF4B-00C04F79EFBC}") = "VSTO Words", "Add Bookmark\VSTO Words\VSTO Words.csproj", "{1D3080A1-5EF1-4BBE-BF37-D18F792F2DB9}"
EndProject
Project("{FAE04EC0-301F-11D3-BF4B-00C04F79EFBC}") = "Aspose Words", "Add Headers and Footers to Doc\Aspose Words\Aspose Words.csproj", "{3AFF3523-473C-4D79-AF9F-5528415B8B51}"
EndProject
Project("{FAE04EC0-301F-11D3-BF4B-00C04F79EFBC}") = "VSTO Words", "Add Headers and Footers to Doc\VSTO Words\VSTO Words.csproj", "{18DB0DB2-33E0-4796-A146-40116179952C}"
EndProject
Project("{FAE04EC0-301F-11D3-BF4B-00C04F79EFBC}") = "Aspose Words", "Add Picture\Aspose Words\Aspose Words.csproj", "{2C74F767-73E2-4CB7-821B-359FEAFD597C}"
EndProject
Project("{FAE04EC0-301F-11D3-BF4B-00C04F79EFBC}") = "VSTO Words", "Add Picture\VSTO Words\VSTO Words.csproj", "{DD7D8778-7BDB-4200-85E4-96AFA45AF3A5}"
EndProject
Project("{FAE04EC0-301F-11D3-BF4B-00C04F79EFBC}") = "Aspose Words", "Add Picture and WordArt\Aspose Words\Aspose Words.csproj", "{B8F373A7-CCB3-4AF9-BF97-B283CA4CDC03}"
EndProject
Project("{FAE04EC0-301F-11D3-BF4B-00C04F79EFBC}") = "VSTO Words", "Add Picture and WordArt\VSTO Words\VSTO Words.csproj", "{AB3E072A-B6B8-4ABE-858E-1B2624709551}"
EndProject
Project("{FAE04EC0-301F-11D3-BF4B-00C04F79EFBC}") = "Aspose Words", "Changing Page Setup for Whole Document\Aspose Words\Aspose Words.csproj", "{815C6E99-BA7D-4610-A601-CF18F26A6A11}"
EndProject
Project("{FAE04EC0-301F-11D3-BF4B-00C04F79EFBC}") = "VSTO Words", "Changing Page Setup for Whole Document\VSTO Words\VSTO Words.csproj", "{B46139F6-17A9-4638-9AB4-36C23E961934}"
EndProject
Project("{FAE04EC0-301F-11D3-BF4B-00C04F79EFBC}") = "Aspose.Words", "Display Documents in Print Preview\Aspose.Words\Aspose.Words.csproj", "{975AE54B-826D-4545-BB43-8E8635AB3E13}"
EndProject
Project("{FAE04EC0-301F-11D3-BF4B-00C04F79EFBC}") = "VSTO Words", "Display Documents in Print Preview\VSTO Words\VSTO Words.csproj", "{4A147A98-5A9D-4ECC-9749-9757670CCF6D}"
EndProject
Project("{FAE04EC0-301F-11D3-BF4B-00C04F79EFBC}") = "Aspose Words", "Fitting all Tables to the Page Width\Aspose Words\Aspose Words.csproj", "{5C70ADFC-40B1-45EA-B845-E7EF0220E186}"
EndProject
Project("{FAE04EC0-301F-11D3-BF4B-00C04F79EFBC}") = "Aspose Words", "Inserting Table\Aspose Words\Aspose Words.csproj", "{4909A0B9-FFF9-4C92-A1A1-DA60BE3CD8B6}"
EndProject
Project("{FAE04EC0-301F-11D3-BF4B-00C04F79EFBC}") = "VSTO Words", "Inserting Table\VSTO Words\VSTO Words.csproj", "{59059AF3-E3F0-40C2-B26C-112A98FFC7E6}"
EndProject
Project("{FAE04EC0-301F-11D3-BF4B-00C04F79EFBC}") = "Aspose Words", "Joining Documents Together\Aspose Words\Aspose Words.csproj", "{969C3E06-16AA-40C9-9B8A-EDFB8A7CA82D}"
EndProject
Project("{FAE04EC0-301F-11D3-BF4B-00C04F79EFBC}") = "VSTO Words", "Joining Documents Together\VSTO Words\VSTO Words.csproj", "{8BC67556-7CD3-4CC0-A8A3-47DC38F288EC}"
EndProject
Project("{FAE04EC0-301F-11D3-BF4B-00C04F79EFBC}") = "Aspose.Words", "Print Documents\Aspose.Words\Aspose.Words.csproj", "{E81CDC6E-3E5A-48AE-84F0-7D4724DD60C8}"
EndProject
Project("{FAE04EC0-301F-11D3-BF4B-00C04F79EFBC}") = "VSTO Words", "Print Documents\VSTO Words\VSTO Words.csproj", "{73841D8F-1F27-4CD5-BA49-49FCFEA82CBE}"
EndProject
Project("{FAE04EC0-301F-11D3-BF4B-00C04F79EFBC}") = "Aspose.Words", "Protect Documents\Aspose.Words\Aspose.Words.csproj", "{C4BF53CC-D8F2-426D-94D2-D16F29FEC815}"
EndProject
Project("{FAE04EC0-301F-11D3-BF4B-00C04F79EFBC}") = "VSTO Words", "Protect Documents\VSTO Words\VSTO Words.csproj", "{F23856A7-2A0E-49EC-BEB2-9C480D2E031F}"
EndProject
Project("{FAE04EC0-301F-11D3-BF4B-00C04F79EFBC}") = "Aspose.Words", "Remove All Comments from Documents\Aspose.Words\Aspose.Words.csproj", "{D6D7874A-4F96-4E51-92C9-4825D3D3DD92}"
EndProject
Project("{FAE04EC0-301F-11D3-BF4B-00C04F79EFBC}") = "VSTO Words", "Remove All Comments from Documents\VSTO Words\VSTO Words.csproj", "{A4A04861-693F-452A-AF5A-59A045B7DB39}"
EndProject
Project("{FAE04EC0-301F-11D3-BF4B-00C04F79EFBC}") = "Aspose Words", "Removing Header and Footer\Aspose Words\Aspose Words.csproj", "{FB214874-5AF7-455B-9B44-64F795A283E5}"
EndProject
Project("{FAE04EC0-301F-11D3-BF4B-00C04F79EFBC}") = "VSTO Words", "Removing Header and Footer\VSTO Words\VSTO Words.csproj", "{0FCAB7F8-2BFD-4497-9E9D-F414786A4899}"
EndProject
Project("{FAE04EC0-301F-11D3-BF4B-00C04F79EFBC}") = "Aspose Words", "Search for and Replace text\Aspose Words\Aspose Words.csproj", "{3E06CC2D-E147-4EC3-9AEC-13E9977C62E6}"
EndProject
Project("{FAE04EC0-301F-11D3-BF4B-00C04F79EFBC}") = "VSTO Words", "Search for and Replace text\VSTO Words\VSTO Words.csproj", "{6FA0E461-0856-4154-9FD1-478A272DBCDC}"
EndProject
Global
	GlobalSection(SolutionConfigurationPlatforms) = preSolution
		Debug|Any CPU = Debug|Any CPU
		Release|Any CPU = Release|Any CPU
	EndGlobalSection
	GlobalSection(ProjectConfigurationPlatforms) = postSolution
		{F9E95EF4-A8EC-4FF1-9ACF-55457F20E14D}.Debug|Any CPU.ActiveCfg = Debug|Any CPU
		{F9E95EF4-A8EC-4FF1-9ACF-55457F20E14D}.Debug|Any CPU.Build.0 = Debug|Any CPU
		{F9E95EF4-A8EC-4FF1-9ACF-55457F20E14D}.Release|Any CPU.ActiveCfg = Release|Any CPU
		{F9E95EF4-A8EC-4FF1-9ACF-55457F20E14D}.Release|Any CPU.Build.0 = Release|Any CPU
		{1D3080A1-5EF1-4BBE-BF37-D18F792F2DB9}.Debug|Any CPU.ActiveCfg = Debug|Any CPU
		{1D3080A1-5EF1-4BBE-BF37-D18F792F2DB9}.Debug|Any CPU.Build.0 = Debug|Any CPU
		{1D3080A1-5EF1-4BBE-BF37-D18F792F2DB9}.Release|Any CPU.ActiveCfg = Release|Any CPU
		{1D3080A1-5EF1-4BBE-BF37-D18F792F2DB9}.Release|Any CPU.Build.0 = Release|Any CPU
		{3AFF3523-473C-4D79-AF9F-5528415B8B51}.Debug|Any CPU.ActiveCfg = Debug|Any CPU
		{3AFF3523-473C-4D79-AF9F-5528415B8B51}.Debug|Any CPU.Build.0 = Debug|Any CPU
		{3AFF3523-473C-4D79-AF9F-5528415B8B51}.Release|Any CPU.ActiveCfg = Release|Any CPU
		{3AFF3523-473C-4D79-AF9F-5528415B8B51}.Release|Any CPU.Build.0 = Release|Any CPU
		{18DB0DB2-33E0-4796-A146-40116179952C}.Debug|Any CPU.ActiveCfg = Debug|Any CPU
		{18DB0DB2-33E0-4796-A146-40116179952C}.Debug|Any CPU.Build.0 = Debug|Any CPU
		{18DB0DB2-33E0-4796-A146-40116179952C}.Release|Any CPU.ActiveCfg = Release|Any CPU
		{18DB0DB2-33E0-4796-A146-40116179952C}.Release|Any CPU.Build.0 = Release|Any CPU
		{2C74F767-73E2-4CB7-821B-359FEAFD597C}.Debug|Any CPU.ActiveCfg = Debug|Any CPU
		{2C74F767-73E2-4CB7-821B-359FEAFD597C}.Debug|Any CPU.Build.0 = Debug|Any CPU
		{2C74F767-73E2-4CB7-821B-359FEAFD597C}.Release|Any CPU.ActiveCfg = Release|Any CPU
		{2C74F767-73E2-4CB7-821B-359FEAFD597C}.Release|Any CPU.Build.0 = Release|Any CPU
		{DD7D8778-7BDB-4200-85E4-96AFA45AF3A5}.Debug|Any CPU.ActiveCfg = Debug|Any CPU
		{DD7D8778-7BDB-4200-85E4-96AFA45AF3A5}.Debug|Any CPU.Build.0 = Debug|Any CPU
		{DD7D8778-7BDB-4200-85E4-96AFA45AF3A5}.Release|Any CPU.ActiveCfg = Release|Any CPU
		{DD7D8778-7BDB-4200-85E4-96AFA45AF3A5}.Release|Any CPU.Build.0 = Release|Any CPU
		{B8F373A7-CCB3-4AF9-BF97-B283CA4CDC03}.Debug|Any CPU.ActiveCfg = Debug|Any CPU
		{B8F373A7-CCB3-4AF9-BF97-B283CA4CDC03}.Debug|Any CPU.Build.0 = Debug|Any CPU
		{B8F373A7-CCB3-4AF9-BF97-B283CA4CDC03}.Release|Any CPU.ActiveCfg = Release|Any CPU
		{B8F373A7-CCB3-4AF9-BF97-B283CA4CDC03}.Release|Any CPU.Build.0 = Release|Any CPU
		{AB3E072A-B6B8-4ABE-858E-1B2624709551}.Debug|Any CPU.ActiveCfg = Debug|Any CPU
		{AB3E072A-B6B8-4ABE-858E-1B2624709551}.Debug|Any CPU.Build.0 = Debug|Any CPU
		{AB3E072A-B6B8-4ABE-858E-1B2624709551}.Release|Any CPU.ActiveCfg = Release|Any CPU
		{AB3E072A-B6B8-4ABE-858E-1B2624709551}.Release|Any CPU.Build.0 = Release|Any CPU
		{815C6E99-BA7D-4610-A601-CF18F26A6A11}.Debug|Any CPU.ActiveCfg = Debug|Any CPU
		{815C6E99-BA7D-4610-A601-CF18F26A6A11}.Debug|Any CPU.Build.0 = Debug|Any CPU
		{815C6E99-BA7D-4610-A601-CF18F26A6A11}.Release|Any CPU.ActiveCfg = Release|Any CPU
		{815C6E99-BA7D-4610-A601-CF18F26A6A11}.Release|Any CPU.Build.0 = Release|Any CPU
		{B46139F6-17A9-4638-9AB4-36C23E961934}.Debug|Any CPU.ActiveCfg = Debug|Any CPU
		{B46139F6-17A9-4638-9AB4-36C23E961934}.Debug|Any CPU.Build.0 = Debug|Any CPU
		{B46139F6-17A9-4638-9AB4-36C23E961934}.Release|Any CPU.ActiveCfg = Release|Any CPU
		{B46139F6-17A9-4638-9AB4-36C23E961934}.Release|Any CPU.Build.0 = Release|Any CPU
		{975AE54B-826D-4545-BB43-8E8635AB3E13}.Debug|Any CPU.ActiveCfg = Debug|Any CPU
		{975AE54B-826D-4545-BB43-8E8635AB3E13}.Debug|Any CPU.Build.0 = Debug|Any CPU
		{975AE54B-826D-4545-BB43-8E8635AB3E13}.Release|Any CPU.ActiveCfg = Release|Any CPU
		{975AE54B-826D-4545-BB43-8E8635AB3E13}.Release|Any CPU.Build.0 = Release|Any CPU
		{4A147A98-5A9D-4ECC-9749-9757670CCF6D}.Debug|Any CPU.ActiveCfg = Debug|Any CPU
		{4A147A98-5A9D-4ECC-9749-9757670CCF6D}.Debug|Any CPU.Build.0 = Debug|Any CPU
		{4A147A98-5A9D-4ECC-9749-9757670CCF6D}.Release|Any CPU.ActiveCfg = Release|Any CPU
		{4A147A98-5A9D-4ECC-9749-9757670CCF6D}.Release|Any CPU.Build.0 = Release|Any CPU
		{5C70ADFC-40B1-45EA-B845-E7EF0220E186}.Debug|Any CPU.ActiveCfg = Debug|Any CPU
		{5C70ADFC-40B1-45EA-B845-E7EF0220E186}.Debug|Any CPU.Build.0 = Debug|Any CPU
		{5C70ADFC-40B1-45EA-B845-E7EF0220E186}.Release|Any CPU.ActiveCfg = Release|Any CPU
		{5C70ADFC-40B1-45EA-B845-E7EF0220E186}.Release|Any CPU.Build.0 = Release|Any CPU
		{4909A0B9-FFF9-4C92-A1A1-DA60BE3CD8B6}.Debug|Any CPU.ActiveCfg = Debug|Any CPU
		{4909A0B9-FFF9-4C92-A1A1-DA60BE3CD8B6}.Debug|Any CPU.Build.0 = Debug|Any CPU
		{4909A0B9-FFF9-4C92-A1A1-DA60BE3CD8B6}.Release|Any CPU.ActiveCfg = Release|Any CPU
		{4909A0B9-FFF9-4C92-A1A1-DA60BE3CD8B6}.Release|Any CPU.Build.0 = Release|Any CPU
		{59059AF3-E3F0-40C2-B26C-112A98FFC7E6}.Debug|Any CPU.ActiveCfg = Debug|Any CPU
		{59059AF3-E3F0-40C2-B26C-112A98FFC7E6}.Debug|Any CPU.Build.0 = Debug|Any CPU
		{59059AF3-E3F0-40C2-B26C-112A98FFC7E6}.Release|Any CPU.ActiveCfg = Release|Any CPU
		{59059AF3-E3F0-40C2-B26C-112A98FFC7E6}.Release|Any CPU.Build.0 = Release|Any CPU
		{969C3E06-16AA-40C9-9B8A-EDFB8A7CA82D}.Debug|Any CPU.ActiveCfg = Debug|Any CPU
		{969C3E06-16AA-40C9-9B8A-EDFB8A7CA82D}.Debug|Any CPU.Build.0 = Debug|Any CPU
		{969C3E06-16AA-40C9-9B8A-EDFB8A7CA82D}.Release|Any CPU.ActiveCfg = Release|Any CPU
		{969C3E06-16AA-40C9-9B8A-EDFB8A7CA82D}.Release|Any CPU.Build.0 = Release|Any CPU
		{8BC67556-7CD3-4CC0-A8A3-47DC38F288EC}.Debug|Any CPU.ActiveCfg = Debug|Any CPU
		{8BC67556-7CD3-4CC0-A8A3-47DC38F288EC}.Debug|Any CPU.Build.0 = Debug|Any CPU
		{8BC67556-7CD3-4CC0-A8A3-47DC38F288EC}.Release|Any CPU.ActiveCfg = Release|Any CPU
		{8BC67556-7CD3-4CC0-A8A3-47DC38F288EC}.Release|Any CPU.Build.0 = Release|Any CPU
		{E81CDC6E-3E5A-48AE-84F0-7D4724DD60C8}.Debug|Any CPU.ActiveCfg = Debug|Any CPU
		{E81CDC6E-3E5A-48AE-84F0-7D4724DD60C8}.Debug|Any CPU.Build.0 = Debug|Any CPU
		{E81CDC6E-3E5A-48AE-84F0-7D4724DD60C8}.Release|Any CPU.ActiveCfg = Release|Any CPU
		{E81CDC6E-3E5A-48AE-84F0-7D4724DD60C8}.Release|Any CPU.Build.0 = Release|Any CPU
		{73841D8F-1F27-4CD5-BA49-49FCFEA82CBE}.Debug|Any CPU.ActiveCfg = Debug|Any CPU
		{73841D8F-1F27-4CD5-BA49-49FCFEA82CBE}.Debug|Any CPU.Build.0 = Debug|Any CPU
		{73841D8F-1F27-4CD5-BA49-49FCFEA82CBE}.Release|Any CPU.ActiveCfg = Release|Any CPU
		{73841D8F-1F27-4CD5-BA49-49FCFEA82CBE}.Release|Any CPU.Build.0 = Release|Any CPU
		{C4BF53CC-D8F2-426D-94D2-D16F29FEC815}.Debug|Any CPU.ActiveCfg = Debug|Any CPU
		{C4BF53CC-D8F2-426D-94D2-D16F29FEC815}.Debug|Any CPU.Build.0 = Debug|Any CPU
		{C4BF53CC-D8F2-426D-94D2-D16F29FEC815}.Release|Any CPU.ActiveCfg = Release|Any CPU
		{C4BF53CC-D8F2-426D-94D2-D16F29FEC815}.Release|Any CPU.Build.0 = Release|Any CPU
		{F23856A7-2A0E-49EC-BEB2-9C480D2E031F}.Debug|Any CPU.ActiveCfg = Debug|Any CPU
		{F23856A7-2A0E-49EC-BEB2-9C480D2E031F}.Debug|Any CPU.Build.0 = Debug|Any CPU
		{F23856A7-2A0E-49EC-BEB2-9C480D2E031F}.Release|Any CPU.ActiveCfg = Release|Any CPU
		{F23856A7-2A0E-49EC-BEB2-9C480D2E031F}.Release|Any CPU.Build.0 = Release|Any CPU
		{D6D7874A-4F96-4E51-92C9-4825D3D3DD92}.Debug|Any CPU.ActiveCfg = Debug|Any CPU
		{D6D7874A-4F96-4E51-92C9-4825D3D3DD92}.Debug|Any CPU.Build.0 = Debug|Any CPU
		{D6D7874A-4F96-4E51-92C9-4825D3D3DD92}.Release|Any CPU.ActiveCfg = Release|Any CPU
		{D6D7874A-4F96-4E51-92C9-4825D3D3DD92}.Release|Any CPU.Build.0 = Release|Any CPU
		{A4A04861-693F-452A-AF5A-59A045B7DB39}.Debug|Any CPU.ActiveCfg = Debug|Any CPU
		{A4A04861-693F-452A-AF5A-59A045B7DB39}.Debug|Any CPU.Build.0 = Debug|Any CPU
		{A4A04861-693F-452A-AF5A-59A045B7DB39}.Release|Any CPU.ActiveCfg = Release|Any CPU
		{A4A04861-693F-452A-AF5A-59A045B7DB39}.Release|Any CPU.Build.0 = Release|Any CPU
		{FB214874-5AF7-455B-9B44-64F795A283E5}.Debug|Any CPU.ActiveCfg = Debug|Any CPU
		{FB214874-5AF7-455B-9B44-64F795A283E5}.Debug|Any CPU.Build.0 = Debug|Any CPU
		{FB214874-5AF7-455B-9B44-64F795A283E5}.Release|Any CPU.ActiveCfg = Release|Any CPU
		{FB214874-5AF7-455B-9B44-64F795A283E5}.Release|Any CPU.Build.0 = Release|Any CPU
		{0FCAB7F8-2BFD-4497-9E9D-F414786A4899}.Debug|Any CPU.ActiveCfg = Debug|Any CPU
		{0FCAB7F8-2BFD-4497-9E9D-F414786A4899}.Debug|Any CPU.Build.0 = Debug|Any CPU
		{0FCAB7F8-2BFD-4497-9E9D-F414786A4899}.Release|Any CPU.ActiveCfg = Release|Any CPU
		{0FCAB7F8-2BFD-4497-9E9D-F414786A4899}.Release|Any CPU.Build.0 = Release|Any CPU
		{3E06CC2D-E147-4EC3-9AEC-13E9977C62E6}.Debug|Any CPU.ActiveCfg = Debug|Any CPU
		{3E06CC2D-E147-4EC3-9AEC-13E9977C62E6}.Debug|Any CPU.Build.0 = Debug|Any CPU
		{3E06CC2D-E147-4EC3-9AEC-13E9977C62E6}.Release|Any CPU.ActiveCfg = Release|Any CPU
		{3E06CC2D-E147-4EC3-9AEC-13E9977C62E6}.Release|Any CPU.Build.0 = Release|Any CPU
		{6FA0E461-0856-4154-9FD1-478A272DBCDC}.Debug|Any CPU.ActiveCfg = Debug|Any CPU
		{6FA0E461-0856-4154-9FD1-478A272DBCDC}.Debug|Any CPU.Build.0 = Debug|Any CPU
		{6FA0E461-0856-4154-9FD1-478A272DBCDC}.Release|Any CPU.ActiveCfg = Release|Any CPU
		{6FA0E461-0856-4154-9FD1-478A272DBCDC}.Release|Any CPU.Build.0 = Release|Any CPU
	EndGlobalSection
	GlobalSection(SolutionProperties) = preSolution
		HideSolutionNode = FALSE
	EndGlobalSection
	GlobalSection(NestedProjects) = preSolution
		{F9E95EF4-A8EC-4FF1-9ACF-55457F20E14D} = {5D2C5607-7F56-456B-B21C-2D9DD82629F8}
		{1D3080A1-5EF1-4BBE-BF37-D18F792F2DB9} = {5D2C5607-7F56-456B-B21C-2D9DD82629F8}
		{2C74F767-73E2-4CB7-821B-359FEAFD597C} = {B7742CF1-EFEC-4E94-8AFD-B6D016716AD0}
		{DD7D8778-7BDB-4200-85E4-96AFA45AF3A5} = {B7742CF1-EFEC-4E94-8AFD-B6D016716AD0}
		{B8F373A7-CCB3-4AF9-BF97-B283CA4CDC03} = {23D059C4-90E6-4A3E-BF3B-6A5920AEA1FA}
		{AB3E072A-B6B8-4ABE-858E-1B2624709551} = {23D059C4-90E6-4A3E-BF3B-6A5920AEA1FA}
		{815C6E99-BA7D-4610-A601-CF18F26A6A11} = {63FFD4E3-07C1-46BA-8214-FF2106582468}
		{B46139F6-17A9-4638-9AB4-36C23E961934} = {63FFD4E3-07C1-46BA-8214-FF2106582468}
		{975AE54B-826D-4545-BB43-8E8635AB3E13} = {DC6610F9-6AB0-4C20-8169-075DA00D3B33}
		{4A147A98-5A9D-4ECC-9749-9757670CCF6D} = {DC6610F9-6AB0-4C20-8169-075DA00D3B33}
		{5C70ADFC-40B1-45EA-B845-E7EF0220E186} = {6D922926-75DB-4DD9-A761-2B6C0773F04A}
		{4909A0B9-FFF9-4C92-A1A1-DA60BE3CD8B6} = {AD8EB886-5935-48AD-ADCB-09C07B20F4D3}
		{59059AF3-E3F0-40C2-B26C-112A98FFC7E6} = {AD8EB886-5935-48AD-ADCB-09C07B20F4D3}
		{969C3E06-16AA-40C9-9B8A-EDFB8A7CA82D} = {4AE3D3F0-30FB-4E9A-98A7-43F6B29265D7}
		{8BC67556-7CD3-4CC0-A8A3-47DC38F288EC} = {4AE3D3F0-30FB-4E9A-98A7-43F6B29265D7}
		{E81CDC6E-3E5A-48AE-84F0-7D4724DD60C8} = {B2AB41BC-E471-4125-BA40-91F6D9F929D1}
		{73841D8F-1F27-4CD5-BA49-49FCFEA82CBE} = {B2AB41BC-E471-4125-BA40-91F6D9F929D1}
		{C4BF53CC-D8F2-426D-94D2-D16F29FEC815} = {8318B6D8-EF9D-4FF9-BCFE-3011731EA943}
		{F23856A7-2A0E-49EC-BEB2-9C480D2E031F} = {8318B6D8-EF9D-4FF9-BCFE-3011731EA943}
		{D6D7874A-4F96-4E51-92C9-4825D3D3DD92} = {451056B0-B159-40BB-8D8E-8E71D72FC93A}
		{A4A04861-693F-452A-AF5A-59A045B7DB39} = {451056B0-B159-40BB-8D8E-8E71D72FC93A}
		{FB214874-5AF7-455B-9B44-64F795A283E5} = {1E5A266F-C4CE-4C5E-86A2-07718A5DD07E}
		{0FCAB7F8-2BFD-4497-9E9D-F414786A4899} = {1E5A266F-C4CE-4C5E-86A2-07718A5DD07E}
		{3E06CC2D-E147-4EC3-9AEC-13E9977C62E6} = {D6C539E5-A200-430C-A372-82A6C9BAC9AA}
		{6FA0E461-0856-4154-9FD1-478A272DBCDC} = {D6C539E5-A200-430C-A372-82A6C9BAC9AA}
		{3AFF3523-473C-4D79-AF9F-5528415B8B51} = {113EC75E-A129-4A7B-A7A7-26D13AB7551C}
		{18DB0DB2-33E0-4796-A146-40116179952C} = {113EC75E-A129-4A7B-A7A7-26D13AB7551C}
	EndGlobalSection
EndGlobal
