
Microsoft Visual Studio Solution File, Format Version 12.00
# Visual Studio 2013
VisualStudioVersion = 12.0.21005.1
MinimumVisualStudioVersion = 10.0.40219.1
Project("{FAE04EC0-301F-11D3-BF4B-00C04F79EFBC}") = "Extract All Images From a Visio", "Extract All Images From a Visio\Extract All Images From a Visio.csproj", "{79FDF92D-7E33-455D-A435-9D982E79F51F}"
EndProject
Project("{FAE04EC0-301F-11D3-BF4B-00C04F79EFBC}") = "Protect and Unprotect Shapes", "Protect and Unprotect Shapes\Protect and Unprotect Shapes.csproj", "{C386A05E-89CE-4052-ACCA-C1C7CA069BDF}"
EndProject
Global
	GlobalSection(SolutionConfigurationPlatforms) = preSolution
		Debug|Any CPU = Debug|Any CPU
		Release|Any CPU = Release|Any CPU
	EndGlobalSection
	GlobalSection(ProjectConfigurationPlatforms) = postSolution
		{79FDF92D-7E33-455D-A435-9D982E79F51F}.Debug|Any CPU.ActiveCfg = Debug|Any CPU
		{79FDF92D-7E33-455D-A435-9D982E79F51F}.Debug|Any CPU.Build.0 = Debug|Any CPU
		{79FDF92D-7E33-455D-A435-9D982E79F51F}.Release|Any CPU.ActiveCfg = Release|Any CPU
		{79FDF92D-7E33-455D-A435-9D982E79F51F}.Release|Any CPU.Build.0 = Release|Any CPU
		{C386A05E-89CE-4052-ACCA-C1C7CA069BDF}.Debug|Any CPU.ActiveCfg = Debug|Any CPU
		{C386A05E-89CE-4052-ACCA-C1C7CA069BDF}.Debug|Any CPU.Build.0 = Debug|Any CPU
		{C386A05E-89CE-4052-ACCA-C1C7CA069BDF}.Release|Any CPU.ActiveCfg = Release|Any CPU
		{C386A05E-89CE-4052-ACCA-C1C7CA069BDF}.Release|Any CPU.Build.0 = Release|Any CPU
	EndGlobalSection
	GlobalSection(SolutionProperties) = preSolution
		HideSolutionNode = FALSE
	EndGlobalSection
EndGlobal
