
Microsoft Visual Studio Solution File, Format Version 12.00
# Visual Studio 2012
Project("{FAE04EC0-301F-11D3-BF4B-00C04F79EFBC}") = "Aspose Diagram", "Aspose Diagram\Aspose Diagram.csproj", "{6894AEE6-7860-4383-BB14-62D192064E60}"
EndProject
Project("{FAE04EC0-301F-11D3-BF4B-00C04F79EFBC}") = "VSTO Diagram", "VSTO Diagram\VSTO Diagram.csproj", "{F92F8D39-DA4C-42A2-8D1B-B665AE64BF80}"
EndProject
Global
	GlobalSection(SolutionConfigurationPlatforms) = preSolution
		Debug|Any CPU = Debug|Any CPU
		Release|Any CPU = Release|Any CPU
	EndGlobalSection
	GlobalSection(ProjectConfigurationPlatforms) = postSolution
		{6894AEE6-7860-4383-BB14-62D192064E60}.Debug|Any CPU.ActiveCfg = Debug|Any CPU
		{6894AEE6-7860-4383-BB14-62D192064E60}.Debug|Any CPU.Build.0 = Debug|Any CPU
		{6894AEE6-7860-4383-BB14-62D192064E60}.Release|Any CPU.ActiveCfg = Release|Any CPU
		{6894AEE6-7860-4383-BB14-62D192064E60}.Release|Any CPU.Build.0 = Release|Any CPU
		{F92F8D39-DA4C-42A2-8D1B-B665AE64BF80}.Debug|Any CPU.ActiveCfg = Debug|Any CPU
		{F92F8D39-DA4C-42A2-8D1B-B665AE64BF80}.Debug|Any CPU.Build.0 = Debug|Any CPU
		{F92F8D39-DA4C-42A2-8D1B-B665AE64BF80}.Release|Any CPU.ActiveCfg = Release|Any CPU
		{F92F8D39-DA4C-42A2-8D1B-B665AE64BF80}.Release|Any CPU.Build.0 = Release|Any CPU
	EndGlobalSection
	GlobalSection(SolutionProperties) = preSolution
		HideSolutionNode = FALSE
	EndGlobalSection
EndGlobal
